// !$*UTF8*$!
{
	archiveVersion = 1;
	classes = {
	};
	objectVersion = 46;
	objects = {

/* Begin PBXBuildFile section */
		5C74D4F61B1B5885005806BB /* LoadingView.m in Sources */ = {isa = PBXBuildFile; fileRef = 5C74D4F51B1B5885005806BB /* LoadingView.m */; };
		5CBA1C5C1B1A2594000809F4 /* main.m in Sources */ = {isa = PBXBuildFile; fileRef = 5CBA1C5B1B1A2594000809F4 /* main.m */; };
		5CBA1C5F1B1A2594000809F4 /* AppDelegate.m in Sources */ = {isa = PBXBuildFile; fileRef = 5CBA1C5E1B1A2594000809F4 /* AppDelegate.m */; };
		5CBA1C621B1A2594000809F4 /* ViewController.m in Sources */ = {isa = PBXBuildFile; fileRef = 5CBA1C611B1A2594000809F4 /* ViewController.m */; };
		5CBA1C651B1A2594000809F4 /* Main.storyboard in Resources */ = {isa = PBXBuildFile; fileRef = 5CBA1C631B1A2594000809F4 /* Main.storyboard */; };
		5CBA1C671B1A2594000809F4 /* Images.xcassets in Resources */ = {isa = PBXBuildFile; fileRef = 5CBA1C661B1A2594000809F4 /* Images.xcassets */; };
		5CBA1C6A1B1A2594000809F4 /* LaunchScreen.xib in Resources */ = {isa = PBXBuildFile; fileRef = 5CBA1C681B1A2594000809F4 /* LaunchScreen.xib */; };
		5CBA1C761B1A2595000809F4 /* CurrentWeatherIOSTests.m in Sources */ = {isa = PBXBuildFile; fileRef = 5CBA1C751B1A2595000809F4 /* CurrentWeatherIOSTests.m */; };
		5CBA1C801B1A3571000809F4 /* CoreLocation.framework in Frameworks */ = {isa = PBXBuildFile; fileRef = 5CBA1C7F1B1A3571000809F4 /* CoreLocation.framework */; };
/* End PBXBuildFile section */

/* Begin PBXContainerItemProxy section */
		5CBA1C701B1A2595000809F4 /* PBXContainerItemProxy */ = {
			isa = PBXContainerItemProxy;
			containerPortal = 5CBA1C4E1B1A2594000809F4 /* Project object */;
			proxyType = 1;
			remoteGlobalIDString = 5CBA1C551B1A2594000809F4;
			remoteInfo = CurrentWeatherIOS;
		};
/* End PBXContainerItemProxy section */

/* Begin PBXFileReference section */
		5C74D4F41B1B5885005806BB /* LoadingView.h */ = {isa = PBXFileReference; fileEncoding = 4; lastKnownFileType = sourcecode.c.h; path = LoadingView.h; sourceTree = "<group>"; };
		5C74D4F51B1B5885005806BB /* LoadingView.m */ = {isa = PBXFileReference; fileEncoding = 4; lastKnownFileType = sourcecode.c.objc; path = LoadingView.m; sourceTree = "<group>"; };
		5CBA1C561B1A2594000809F4 /* CurrentWeatherIOS.app */ = {isa = PBXFileReference; explicitFileType = wrapper.application; includeInIndex = 0; path = CurrentWeatherIOS.app; sourceTree = BUILT_PRODUCTS_DIR; };
		5CBA1C5A1B1A2594000809F4 /* Info.plist */ = {isa = PBXFileReference; lastKnownFileType = text.plist.xml; path = Info.plist; sourceTree = "<group>"; };
		5CBA1C5B1B1A2594000809F4 /* main.m */ = {isa = PBXFileReference; lastKnownFileType = sourcecode.c.objc; path = main.m; sourceTree = "<group>"; };
		5CBA1C5D1B1A2594000809F4 /* AppDelegate.h */ = {isa = PBXFileReference; lastKnownFileType = sourcecode.c.h; path = AppDelegate.h; sourceTree = "<group>"; };
		5CBA1C5E1B1A2594000809F4 /* AppDelegate.m */ = {isa = PBXFileReference; lastKnownFileType = sourcecode.c.objc; path = AppDelegate.m; sourceTree = "<group>"; };
		5CBA1C601B1A2594000809F4 /* ViewController.h */ = {isa = PBXFileReference; lastKnownFileType = sourcecode.c.h; path = ViewController.h; sourceTree = "<group>"; };
		5CBA1C611B1A2594000809F4 /* ViewController.m */ = {isa = PBXFileReference; lastKnownFileType = sourcecode.c.objc; path = ViewController.m; sourceTree = "<group>"; };
		5CBA1C641B1A2594000809F4 /* Base */ = {isa = PBXFileReference; lastKnownFileType = file.storyboard; name = Base; path = Base.lproj/Main.storyboard; sourceTree = "<group>"; };
		5CBA1C661B1A2594000809F4 /* Images.xcassets */ = {isa = PBXFileReference; lastKnownFileType = folder.assetcatalog; path = Images.xcassets; sourceTree = "<group>"; };
		5CBA1C691B1A2594000809F4 /* Base */ = {isa = PBXFileReference; lastKnownFileType = file.xib; name = Base; path = Base.lproj/LaunchScreen.xib; sourceTree = "<group>"; };
		5CBA1C6F1B1A2595000809F4 /* CurrentWeatherIOSTests.xctest */ = {isa = PBXFileReference; explicitFileType = wrapper.cfbundle; includeInIndex = 0; path = CurrentWeatherIOSTests.xctest; sourceTree = BUILT_PRODUCTS_DIR; };
		5CBA1C741B1A2595000809F4 /* Info.plist */ = {isa = PBXFileReference; lastKnownFileType = text.plist.xml; path = Info.plist; sourceTree = "<group>"; };
		5CBA1C751B1A2595000809F4 /* CurrentWeatherIOSTests.m */ = {isa = PBXFileReference; lastKnownFileType = sourcecode.c.objc; path = CurrentWeatherIOSTests.m; sourceTree = "<group>"; };
		5CBA1C7F1B1A3571000809F4 /* CoreLocation.framework */ = {isa = PBXFileReference; lastKnownFileType = wrapper.framework; name = CoreLocation.framework; path = System/Library/Frameworks/CoreLocation.framework; sourceTree = SDKROOT; };
/* End PBXFileReference section */

/* Begin PBXFrameworksBuildPhase section */
		5CBA1C531B1A2594000809F4 /* Frameworks */ = {
			isa = PBXFrameworksBuildPhase;
			buildActionMask = 2147483647;
			files = (
				5CBA1C801B1A3571000809F4 /* CoreLocation.framework in Frameworks */,
			);
			runOnlyForDeploymentPostprocessing = 0;
		};
		5CBA1C6C1B1A2595000809F4 /* Frameworks */ = {
			isa = PBXFrameworksBuildPhase;
			buildActionMask = 2147483647;
			files = (
			);
			runOnlyForDeploymentPostprocessing = 0;
		};
/* End PBXFrameworksBuildPhase section */

/* Begin PBXGroup section */
		5CBA1C4D1B1A2594000809F4 = {
			isa = PBXGroup;
			children = (
				5CBA1C7F1B1A3571000809F4 /* CoreLocation.framework */,
				5CBA1C581B1A2594000809F4 /* CurrentWeatherIOS */,
				5CBA1C721B1A2595000809F4 /* CurrentWeatherIOSTests */,
				5CBA1C571B1A2594000809F4 /* Products */,
			);
			sourceTree = "<group>";
		};
		5CBA1C571B1A2594000809F4 /* Products */ = {
			isa = PBXGroup;
			children = (
				5CBA1C561B1A2594000809F4 /* CurrentWeatherIOS.app */,
				5CBA1C6F1B1A2595000809F4 /* CurrentWeatherIOSTests.xctest */,
			);
			name = Products;
			sourceTree = "<group>";
		};
		5CBA1C581B1A2594000809F4 /* CurrentWeatherIOS */ = {
			isa = PBXGroup;
			children = (
				5CBA1C5D1B1A2594000809F4 /* AppDelegate.h */,
				5CBA1C5E1B1A2594000809F4 /* AppDelegate.m */,
				5CBA1C601B1A2594000809F4 /* ViewController.h */,
				5CBA1C611B1A2594000809F4 /* ViewController.m */,
				5CBA1C631B1A2594000809F4 /* Main.storyboard */,
				5C74D4F41B1B5885005806BB /* LoadingView.h */,
				5C74D4F51B1B5885005806BB /* LoadingView.m */,
				5CBA1C661B1A2594000809F4 /* Images.xcassets */,
				5CBA1C681B1A2594000809F4 /* LaunchScreen.xib */,
				5CBA1C591B1A2594000809F4 /* Supporting Files */,
			);
			path = CurrentWeatherIOS;
			sourceTree = "<group>";
		};
		5CBA1C591B1A2594000809F4 /* Supporting Files */ = {
			isa = PBXGroup;
			children = (
				5CBA1C5A1B1A2594000809F4 /* Info.plist */,
				5CBA1C5B1B1A2594000809F4 /* main.m */,
			);
			name = "Supporting Files";
			sourceTree = "<group>";
		};
		5CBA1C721B1A2595000809F4 /* CurrentWeatherIOSTests */ = {
			isa = PBXGroup;
			children = (
				5CBA1C751B1A2595000809F4 /* CurrentWeatherIOSTests.m */,
				5CBA1C731B1A2595000809F4 /* Supporting Files */,
			);
			path = CurrentWeatherIOSTests;
			sourceTree = "<group>";
		};
		5CBA1C731B1A2595000809F4 /* Supporting Files */ = {
			isa = PBXGroup;
			children = (
				5CBA1C741B1A2595000809F4 /* Info.plist */,
			);
			name = "Supporting Files";
			sourceTree = "<group>";
		};
/* End PBXGroup section */

/* Begin PBXNativeTarget section */
		5CBA1C551B1A2594000809F4 /* CurrentWeatherIOS */ = {
			isa = PBXNativeTarget;
			buildConfigurationList = 5CBA1C791B1A2595000809F4 /* Build configuration list for PBXNativeTarget "CurrentWeatherIOS" */;
			buildPhases = (
				5CBA1C521B1A2594000809F4 /* Sources */,
				5CBA1C531B1A2594000809F4 /* Frameworks */,
				5CBA1C541B1A2594000809F4 /* Resources */,
			);
			buildRules = (
			);
			dependencies = (
			);
			name = CurrentWeatherIOS;
			productName = CurrentWeatherIOS;
			productReference = 5CBA1C561B1A2594000809F4 /* CurrentWeatherIOS.app */;
			productType = "com.apple.product-type.application";
		};
		5CBA1C6E1B1A2595000809F4 /* CurrentWeatherIOSTests */ = {
			isa = PBXNativeTarget;
			buildConfigurationList = 5CBA1C7C1B1A2595000809F4 /* Build configuration list for PBXNativeTarget "CurrentWeatherIOSTests" */;
			buildPhases = (
				5CBA1C6B1B1A2595000809F4 /* Sources */,
				5CBA1C6C1B1A2595000809F4 /* Frameworks */,
				5CBA1C6D1B1A2595000809F4 /* Resources */,
			);
			buildRules = (
			);
			dependencies = (
				5CBA1C711B1A2595000809F4 /* PBXTargetDependency */,
			);
			name = CurrentWeatherIOSTests;
			productName = CurrentWeatherIOSTests;
			productReference = 5CBA1C6F1B1A2595000809F4 /* CurrentWeatherIOSTests.xctest */;
			productType = "com.apple.product-type.bundle.unit-test";
		};
/* End PBXNativeTarget section */

/* Begin PBXProject section */
		5CBA1C4E1B1A2594000809F4 /* Project object */ = {
			isa = PBXProject;
			attributes = {
				LastUpgradeCheck = 0630;
				ORGANIZATIONNAME = "Justin Bonne";
				TargetAttributes = {
					5CBA1C551B1A2594000809F4 = {
						CreatedOnToolsVersion = 6.3.2;
					};
					5CBA1C6E1B1A2595000809F4 = {
						CreatedOnToolsVersion = 6.3.2;
						TestTargetID = 5CBA1C551B1A2594000809F4;
					};
				};
			};
			buildConfigurationList = 5CBA1C511B1A2594000809F4 /* Build configuration list for PBXProject "CurrentWeatherIOS" */;
			compatibilityVersion = "Xcode 3.2";
			developmentRegion = English;
			hasScannedForEncodings = 0;
			knownRegions = (
				en,
				Base,
			);
			mainGroup = 5CBA1C4D1B1A2594000809F4;
			productRefGroup = 5CBA1C571B1A2594000809F4 /* Products */;
			projectDirPath = "";
			projectRoot = "";
			targets = (
				5CBA1C551B1A2594000809F4 /* CurrentWeatherIOS */,
				5CBA1C6E1B1A2595000809F4 /* CurrentWeatherIOSTests */,
			);
		};
/* End PBXProject section */

/* Begin PBXResourcesBuildPhase section */
		5CBA1C541B1A2594000809F4 /* Resources */ = {
			isa = PBXResourcesBuildPhase;
			buildActionMask = 2147483647;
			files = (
				5CBA1C651B1A2594000809F4 /* Main.storyboard in Resources */,
				5CBA1C6A1B1A2594000809F4 /* LaunchScreen.xib in Resources */,
				5CBA1C671B1A2594000809F4 /* Images.xcassets in Resources */,
			);
			runOnlyForDeploymentPostprocessing = 0;
		};
		5CBA1C6D1B1A2595000809F4 /* Resources */ = {
			isa = PBXResourcesBuildPhase;
			buildActionMask = 2147483647;
			files = (
			);
			runOnlyForDeploymentPostprocessing = 0;
		};
/* End PBXResourcesBuildPhase section */

/* Begin PBXSourcesBuildPhase section */
		5CBA1C521B1A2594000809F4 /* Sources */ = {
			isa = PBXSourcesBuildPhase;
			buildActionMask = 2147483647;
			files = (
				5C74D4F61B1B5885005806BB /* LoadingView.m in Sources */,
				5CBA1C621B1A2594000809F4 /* ViewController.m in Sources */,
				5CBA1C5F1B1A2594000809F4 /* AppDelegate.m in Sources */,
				5CBA1C5C1B1A2594000809F4 /* main.m in Sources */,
			);
			runOnlyForDeploymentPostprocessing = 0;
		};
		5CBA1C6B1B1A2595000809F4 /* Sources */ = {
			isa = PBXSourcesBuildPhase;
			buildActionMask = 2147483647;
			files = (
				5CBA1C761B1A2595000809F4 /* CurrentWeatherIOSTests.m in Sources */,
			);
			runOnlyForDeploymentPostprocessing = 0;
		};
/* End PBXSourcesBuildPhase section */

/* Begin PBXTargetDependency section */
		5CBA1C711B1A2595000809F4 /* PBXTargetDependency */ = {
			isa = PBXTargetDependency;
			target = 5CBA1C551B1A2594000809F4 /* CurrentWeatherIOS */;
			targetProxy = 5CBA1C701B1A2595000809F4 /* PBXContainerItemProxy */;
		};
/* End PBXTargetDependency section */

/* Begin PBXVariantGroup section */
		5CBA1C631B1A2594000809F4 /* Main.storyboard */ = {
			isa = PBXVariantGroup;
			children = (
				5CBA1C641B1A2594000809F4 /* Base */,
			);
			name = Main.storyboard;
			sourceTree = "<group>";
		};
		5CBA1C681B1A2594000809F4 /* LaunchScreen.xib */ = {
			isa = PBXVariantGroup;
			children = (
				5CBA1C691B1A2594000809F4 /* Base */,
			);
			name = LaunchScreen.xib;
			sourceTree = "<group>";
		};
/* End PBXVariantGroup section */

/* Begin XCBuildConfiguration section */
		5CBA1C771B1A2595000809F4 /* Debug */ = {
			isa = XCBuildConfiguration;
			buildSettings = {
				ALWAYS_SEARCH_USER_PATHS = NO;
				CLANG_CXX_LANGUAGE_STANDARD = "gnu++0x";
				CLANG_CXX_LIBRARY = "libc++";
				CLANG_ENABLE_MODULES = YES;
				CLANG_ENABLE_OBJC_ARC = YES;
				CLANG_WARN_BOOL_CONVERSION = YES;
				CLANG_WARN_CONSTANT_CONVERSION = YES;
				CLANG_WARN_DIRECT_OBJC_ISA_USAGE = YES_ERROR;
				CLANG_WARN_EMPTY_BODY = YES;
				CLANG_WARN_ENUM_CONVERSION = YES;
				CLANG_WARN_INT_CONVERSION = YES;
				CLANG_WARN_OBJC_ROOT_CLASS = YES_ERROR;
				CLANG_WARN_UNREACHABLE_CODE = YES;
				CLANG_WARN__DUPLICATE_METHOD_MATCH = YES;
				"CODE_SIGN_IDENTITY[sdk=iphoneos*]" = "iPhone Developer";
				COPY_PHASE_STRIP = NO;
				DEBUG_INFORMATION_FORMAT = "dwarf-with-dsym";
				ENABLE_STRICT_OBJC_MSGSEND = YES;
				GCC_C_LANGUAGE_STANDARD = gnu99;
				GCC_DYNAMIC_NO_PIC = NO;
				GCC_NO_COMMON_BLOCKS = YES;
				GCC_OPTIMIZATION_LEVEL = 0;
				GCC_PREPROCESSOR_DEFINITIONS = (
					"DEBUG=1",
					"$(inherited)",
				);
				GCC_SYMBOLS_PRIVATE_EXTERN = NO;
				GCC_WARN_64_TO_32_BIT_CONVERSION = YES;
				GCC_WARN_ABOUT_RETURN_TYPE = YES_ERROR;
				GCC_WARN_UNDECLARED_SELECTOR = YES;
				GCC_WARN_UNINITIALIZED_AUTOS = YES_AGGRESSIVE;
				GCC_WARN_UNUSED_FUNCTION = YES;
				GCC_WARN_UNUSED_VARIABLE = YES;
				IPHONEOS_DEPLOYMENT_TARGET = 8.3;
				MTL_ENABLE_DEBUG_INFO = YES;
				ONLY_ACTIVE_ARCH = YES;
				SDKROOT = iphoneos;
				TARGETED_DEVICE_FAMILY = "1,2";
			};
			name = Debug;
		};
		5CBA1C781B1A2595000809F4 /* Release */ = {
			isa = XCBuildConfiguration;
			buildSettings = {
				ALWAYS_SEARCH_USER_PATHS = NO;
				CLANG_CXX_LANGUAGE_STANDARD = "gnu++0x";
				CLANG_CXX_LIBRARY = "libc++";
				CLANG_ENABLE_MODULES = YES;
				CLANG_ENABLE_OBJC_ARC = YES;
				CLANG_WARN_BOOL_CONVERSION = YES;
				CLANG_WARN_CONSTANT_CONVERSION = YES;
				CLANG_WARN_DIRECT_OBJC_ISA_USAGE = YES_ERROR;
				CLANG_WARN_EMPTY_BODY = YES;
				CLANG_WARN_ENUM_CONVERSION = YES;
				CLANG_WARN_INT_CONVERSION = YES;
				CLANG_WARN_OBJC_ROOT_CLASS = YES_ERROR;
				CLANG_WARN_UNREACHABLE_CODE = YES;
				CLANG_WARN__DUPLICATE_METHOD_MATCH = YES;
				"CODE_SIGN_IDENTITY[sdk=iphoneos*]" = "iPhone Developer";
				COPY_PHASE_STRIP = NO;
				DEBUG_INFORMATION_FORMAT = "dwarf-with-dsym";
				ENABLE_NS_ASSERTIONS = NO;
				ENABLE_STRICT_OBJC_MSGSEND = YES;
				GCC_C_LANGUAGE_STANDARD = gnu99;
				GCC_NO_COMMON_BLOCKS = YES;
				GCC_WARN_64_TO_32_BIT_CONVERSION = YES;
				GCC_WARN_ABOUT_RETURN_TYPE = YES_ERROR;
				GCC_WARN_UNDECLARED_SELECTOR = YES;
				GCC_WARN_UNINITIALIZED_AUTOS = YES_AGGRESSIVE;
				GCC_WARN_UNUSED_FUNCTION = YES;
				GCC_WARN_UNUSED_VARIABLE = YES;
				IPHONEOS_DEPLOYMENT_TARGET = 8.3;
				MTL_ENABLE_DEBUG_INFO = NO;
				SDKROOT = iphoneos;
				TARGETED_DEVICE_FAMILY = "1,2";
				VALIDATE_PRODUCT = YES;
			};
			name = Release;
		};
		5CBA1C7A1B1A2595000809F4 /* Debug */ = {
			isa = XCBuildConfiguration;
			buildSettings = {
				ASSETCATALOG_COMPILER_APPICON_NAME = AppIcon;
				INFOPLIST_FILE = CurrentWeatherIOS/Info.plist;
				LD_RUNPATH_SEARCH_PATHS = "$(inherited) @executable_path/Frameworks";
				PRODUCT_NAME = "$(TARGET_NAME)";
			};
			name = Debug;
		};
		5CBA1C7B1B1A2595000809F4 /* Release */ = {
			isa = XCBuildConfiguration;
			buildSettings = {
				ASSETCATALOG_COMPILER_APPICON_NAME = AppIcon;
				INFOPLIST_FILE = CurrentWeatherIOS/Info.plist;
				LD_RUNPATH_SEARCH_PATHS = "$(inherited) @executable_path/Frameworks";
				PRODUCT_NAME = "$(TARGET_NAME)";
			};
			name = Release;
		};
		5CBA1C7D1B1A2595000809F4 /* Debug */ = {
			isa = XCBuildConfiguration;
			buildSettings = {
				BUNDLE_LOADER = "$(TEST_HOST)";
				FRAMEWORK_SEARCH_PATHS = (
					"$(SDKROOT)/Developer/Library/Frameworks",
					"$(inherited)",
				);
				GCC_PREPROCESSOR_DEFINITIONS = (
					"DEBUG=1",
					"$(inherited)",
				);
				INFOPLIST_FILE = CurrentWeatherIOSTests/Info.plist;
				LD_RUNPATH_SEARCH_PATHS = "$(inherited) @executable_path/Frameworks @loader_path/Frameworks";
				PRODUCT_NAME = "$(TARGET_NAME)";
				TEST_HOST = "$(BUILT_PRODUCTS_DIR)/CurrentWeatherIOS.app/CurrentWeatherIOS";
			};
			name = Debug;
		};
		5CBA1C7E1B1A2595000809F4 /* Release */ = {
			isa = XCBuildConfiguration;
			buildSettings = {
				BUNDLE_LOADER = "$(TEST_HOST)";
				FRAMEWORK_SEARCH_PATHS = (
					"$(SDKROOT)/Developer/Library/Frameworks",
					"$(inherited)",
				);
				INFOPLIST_FILE = CurrentWeatherIOSTests/Info.plist;
				LD_RUNPATH_SEARCH_PATHS = "$(inherited) @executable_path/Frameworks @loader_path/Frameworks";
				PRODUCT_NAME = "$(TARGET_NAME)";
				TEST_HOST = "$(BUILT_PRODUCTS_DIR)/CurrentWeatherIOS.app/CurrentWeatherIOS";
			};
			name = Release;
		};
/* End XCBuildConfiguration section */

/* Begin XCConfigurationList section */
		5CBA1C511B1A2594000809F4 /* Build configuration list for PBXProject "CurrentWeatherIOS" */ = {
			isa = XCConfigurationList;
			buildConfigurations = (
				5CBA1C771B1A2595000809F4 /* Debug */,
				5CBA1C781B1A2595000809F4 /* Release */,
			);
			defaultConfigurationIsVisible = 0;
			defaultConfigurationName = Release;
		};
		5CBA1C791B1A2595000809F4 /* Build configuration list for PBXNativeTarget "CurrentWeatherIOS" */ = {
			isa = XCConfigurationList;
			buildConfigurations = (
				5CBA1C7A1B1A2595000809F4 /* Debug */,
				5CBA1C7B1B1A2595000809F4 /* Release */,
			);
			defaultConfigurationIsVisible = 0;
			defaultConfigurationName = Release;
		};
		5CBA1C7C1B1A2595000809F4 /* Build configuration list for PBXNativeTarget "CurrentWeatherIOSTests" */ = {
			isa = XCConfigurationList;
			buildConfigurations = (
				5CBA1C7D1B1A2595000809F4 /* Debug */,
				5CBA1C7E1B1A2595000809F4 /* Release */,
			);
			defaultConfigurationIsVisible = 0;
			defaultConfigurationName = Release;
		};
/* End XCConfigurationList section */
	};
	rootObject = 5CBA1C4E1B1A2594000809F4 /* Project object */;
}
